
Microsoft Visual Studio Solution File, Format Version 12.00
# Visual Studio Version 16
VisualStudioVersion = 16.0.30011.22
MinimumVisualStudioVersion = 10.0.40219.1
Project("{9A19103F-16F7-4668-BE54-9A1E7A4F7556}") = "NewsMaster3000", "SMaster2000\NewsMaster3000.csproj", "{04949581-6B05-44A8-AE0F-D54C2596B93E}"
EndProject
Global
	GlobalSection(SolutionConfigurationPlatforms) = preSolution
		Debug|Any CPU = Debug|Any CPU
		Release|Any CPU = Release|Any CPU
	EndGlobalSection
	GlobalSection(ProjectConfigurationPlatforms) = postSolution
		{04949581-6B05-44A8-AE0F-D54C2596B93E}.Debug|Any CPU.ActiveCfg = Debug|Any CPU
		{04949581-6B05-44A8-AE0F-D54C2596B93E}.Debug|Any CPU.Build.0 = Debug|Any CPU
		{04949581-6B05-44A8-AE0F-D54C2596B93E}.Release|Any CPU.ActiveCfg = Release|Any CPU
		{04949581-6B05-44A8-AE0F-D54C2596B93E}.Release|Any CPU.Build.0 = Release|Any CPU
	EndGlobalSection
	GlobalSection(SolutionProperties) = preSolution
		HideSolutionNode = FALSE
	EndGlobalSection
	GlobalSection(ExtensibilityGlobals) = postSolution
		SolutionGuid = {89461CA0-AA27-426A-A9C0-BBCB25C1C17A}
	EndGlobalSection
EndGlobal
